// !$*UTF8*$!
{
	archiveVersion = 1;
	classes = {
	};
	objectVersion = 46;
	objects = {

/* Begin PBXBuildFile section */
		3D2175F81D88DB9A002F0EEF /* MainButtonsContainer.swift in Sources */ = {isa = PBXBuildFile; fileRef = 3D2175F71D88DB9A002F0EEF /* MainButtonsContainer.swift */; };
		3D2175FA1D8923D1002F0EEF /* HomeMainButton.swift in Sources */ = {isa = PBXBuildFile; fileRef = 3D2175F91D8923D1002F0EEF /* HomeMainButton.swift */; };
		3DE209321D8FA015001BCEA4 /* ContactUsVC.swift in Sources */ = {isa = PBXBuildFile; fileRef = 3DE209311D8FA015001BCEA4 /* ContactUsVC.swift */; };
		3DE209341D8FA03C001BCEA4 /* EmailEjecter.swift in Sources */ = {isa = PBXBuildFile; fileRef = 3DE209331D8FA03C001BCEA4 /* EmailEjecter.swift */; };
		4D333F8E1DA3B87600D557C2 /* MessageVC.swift in Sources */ = {isa = PBXBuildFile; fileRef = 4D333F8D1DA3B87600D557C2 /* MessageVC.swift */; };
		4D333F901DA3C67800D557C2 /* Alert.swift in Sources */ = {isa = PBXBuildFile; fileRef = 4D333F8F1DA3C67800D557C2 /* Alert.swift */; };
		4D333F921DA3C6C300D557C2 /* Constants.swift in Sources */ = {isa = PBXBuildFile; fileRef = 4D333F911DA3C6C300D557C2 /* Constants.swift */; };
		4D9C9A6E1D86C41800EA98D0 /* CustomUINavigationItem.swift in Sources */ = {isa = PBXBuildFile; fileRef = 4D9C9A6D1D86C41800EA98D0 /* CustomUINavigationItem.swift */; };
		4D9C9A701D86CA1A00EA98D0 /* CustomUINavigationController.swift in Sources */ = {isa = PBXBuildFile; fileRef = 4D9C9A6F1D86CA1A00EA98D0 /* CustomUINavigationController.swift */; };
		4D9C9A741D88B2FF00EA98D0 /* UserMessageVC.swift in Sources */ = {isa = PBXBuildFile; fileRef = 4D9C9A731D88B2FF00EA98D0 /* UserMessageVC.swift */; };
		4D9C9A761D88B3DC00EA98D0 /* UserMessageCell.swift in Sources */ = {isa = PBXBuildFile; fileRef = 4D9C9A751D88B3DC00EA98D0 /* UserMessageCell.swift */; };
		4DAEAFAB1D7A50EF00842C4F /* PostCollectionViewCell.swift in Sources */ = {isa = PBXBuildFile; fileRef = 4DAEAFAA1D7A50EF00842C4F /* PostCollectionViewCell.swift */; };
		4DAEAFAD1D7AB7B000842C4F /* MenuVC.swift in Sources */ = {isa = PBXBuildFile; fileRef = 4DAEAFAC1D7AB7B000842C4F /* MenuVC.swift */; };
		4DAEAFB01D7ACC5A00842C4F /* UIViewController.swift in Sources */ = {isa = PBXBuildFile; fileRef = 4DAEAFAF1D7ACC5A00842C4F /* UIViewController.swift */; };
		4DCA80701DA3D872000B8841 /* ExamBookingVC.swift in Sources */ = {isa = PBXBuildFile; fileRef = 4DCA806F1DA3D872000B8841 /* ExamBookingVC.swift */; };
		4DDD17E41D8F7DCE00294ACC /* PostRetriever.swift in Sources */ = {isa = PBXBuildFile; fileRef = 4DDD17E31D8F7DCE00294ACC /* PostRetriever.swift */; };
		4DDD17E61D90226900294ACC /* ImageOperation.swift in Sources */ = {isa = PBXBuildFile; fileRef = 4DDD17E51D90226900294ACC /* ImageOperation.swift */; };
		4DDD17E81D90942A00294ACC /* FileDownloader.swift in Sources */ = {isa = PBXBuildFile; fileRef = 4DDD17E71D90942A00294ACC /* FileDownloader.swift */; };
		4DDD17EA1D965E3600294ACC /* AllPosts.storyboard in Resources */ = {isa = PBXBuildFile; fileRef = 4DDD17E91D965E3600294ACC /* AllPosts.storyboard */; };
		4DDD17EE1D97BB9500294ACC /* AllPostsCell.swift in Sources */ = {isa = PBXBuildFile; fileRef = 4DDD17ED1D97BB9500294ACC /* AllPostsCell.swift */; };
		4DDD17F41D97BDEF00294ACC /* AllPostsVC.swift in Sources */ = {isa = PBXBuildFile; fileRef = 4DDD17F31D97BDEF00294ACC /* AllPostsVC.swift */; };
		4DDD18031D9ACA0000294ACC /* Message+CoreDataClass.swift in Sources */ = {isa = PBXBuildFile; fileRef = 4DDD18011D9ACA0000294ACC /* Message+CoreDataClass.swift */; };
		4DDD18041D9ACA0000294ACC /* Message+CoreDataProperties.swift in Sources */ = {isa = PBXBuildFile; fileRef = 4DDD18021D9ACA0000294ACC /* Message+CoreDataProperties.swift */; };
		960A6BAA1D8126E6000ABE5A /* WordPressSyncManager.swift in Sources */ = {isa = PBXBuildFile; fileRef = 960A6BA91D8126E6000ABE5A /* WordPressSyncManager.swift */; };
		962652041D87D5A200CB92BB /* SubjectResourcesTableViewController.swift in Sources */ = {isa = PBXBuildFile; fileRef = 962652031D87D5A200CB92BB /* SubjectResourcesTableViewController.swift */; };
		962652061D87D5EF00CB92BB /* SubjectResourcesTableViewCell.swift in Sources */ = {isa = PBXBuildFile; fileRef = 962652051D87D5EF00CB92BB /* SubjectResourcesTableViewCell.swift */; };
		963061C51D77E1280079B7C5 /* AppDelegate.swift in Sources */ = {isa = PBXBuildFile; fileRef = 963061C41D77E1280079B7C5 /* AppDelegate.swift */; };
		963061C71D77E1280079B7C5 /* ViewController.swift in Sources */ = {isa = PBXBuildFile; fileRef = 963061C61D77E1280079B7C5 /* ViewController.swift */; };
		963061CD1D77E1280079B7C5 /* AIL.xcdatamodeld in Sources */ = {isa = PBXBuildFile; fileRef = 963061CB1D77E1280079B7C5 /* AIL.xcdatamodeld */; };
		963061CF1D77E1280079B7C5 /* Assets.xcassets in Resources */ = {isa = PBXBuildFile; fileRef = 963061CE1D77E1280079B7C5 /* Assets.xcassets */; };
		963061D21D77E1280079B7C5 /* LaunchScreen.storyboard in Resources */ = {isa = PBXBuildFile; fileRef = 963061D01D77E1280079B7C5 /* LaunchScreen.storyboard */; };
		963574941D90C3F800B8D1A5 /* Category+CoreDataClass.swift in Sources */ = {isa = PBXBuildFile; fileRef = 963574921D90C3F800B8D1A5 /* Category+CoreDataClass.swift */; };
		963574951D90C3F800B8D1A5 /* Category+CoreDataProperties.swift in Sources */ = {isa = PBXBuildFile; fileRef = 963574931D90C3F800B8D1A5 /* Category+CoreDataProperties.swift */; };
		963574981D90E15D00B8D1A5 /* ImageDownloader.swift in Sources */ = {isa = PBXBuildFile; fileRef = 963574971D90E15D00B8D1A5 /* ImageDownloader.swift */; };
		9635749A1D90EF3300B8D1A5 /* TableViewImageLoadingCoordinator.swift in Sources */ = {isa = PBXBuildFile; fileRef = 963574991D90EF3300B8D1A5 /* TableViewImageLoadingCoordinator.swift */; };
		964096831DA221FC006D63B8 /* ArchiveWebViewController.swift in Sources */ = {isa = PBXBuildFile; fileRef = 964096821DA221FC006D63B8 /* ArchiveWebViewController.swift */; };
		964C52B51D7FC563006E1E9D /* DateFormatter.swift in Sources */ = {isa = PBXBuildFile; fileRef = 964C52B41D7FC563006E1E9D /* DateFormatter.swift */; };
		965216B31D94B29F00EA1823 /* HomeViewBottomButton.swift in Sources */ = {isa = PBXBuildFile; fileRef = 965216B21D94B29F00EA1823 /* HomeViewBottomButton.swift */; };
		965693401D9392B300FAC04B /* Post+CoreDataClass.swift in Sources */ = {isa = PBXBuildFile; fileRef = 9656933E1D9392B300FAC04B /* Post+CoreDataClass.swift */; };
		965693411D9392B300FAC04B /* Post+CoreDataProperties.swift in Sources */ = {isa = PBXBuildFile; fileRef = 9656933F1D9392B300FAC04B /* Post+CoreDataProperties.swift */; };
		965693431D939BA800FAC04B /* ResourceWebViewController.swift in Sources */ = {isa = PBXBuildFile; fileRef = 965693421D939BA800FAC04B /* ResourceWebViewController.swift */; };
		9656DF201DA372B500DAFC7C /* UIColorExtension.swift in Sources */ = {isa = PBXBuildFile; fileRef = 9656DF1F1DA372B500DAFC7C /* UIColorExtension.swift */; };
		966D81FC1DA1D8AF0069270A /* UIViewController+ActionSheet.swift in Sources */ = {isa = PBXBuildFile; fileRef = 966D81FB1DA1D8AF0069270A /* UIViewController+ActionSheet.swift */; };
		966D81FF1DA208440069270A /* Archive+CoreDataClass.swift in Sources */ = {isa = PBXBuildFile; fileRef = 966D81FD1DA208440069270A /* Archive+CoreDataClass.swift */; };
		966D82001DA208440069270A /* Archive+CoreDataProperties.swift in Sources */ = {isa = PBXBuildFile; fileRef = 966D81FE1DA208440069270A /* Archive+CoreDataProperties.swift */; };
		9671E5DD1D7E4FCF008250C7 /* WordPressClient.swift in Sources */ = {isa = PBXBuildFile; fileRef = 9671E5DC1D7E4FCF008250C7 /* WordPressClient.swift */; };
		9671E5DF1D7E52AE008250C7 /* UrlConstants.swift in Sources */ = {isa = PBXBuildFile; fileRef = 9671E5DE1D7E52AE008250C7 /* UrlConstants.swift */; };
		9671E5E11D7E6EAC008250C7 /* JSONParser.swift in Sources */ = {isa = PBXBuildFile; fileRef = 9671E5E01D7E6EAC008250C7 /* JSONParser.swift */; };
		9671E5EC1D7E835D008250C7 /* CoreDataOperation.swift in Sources */ = {isa = PBXBuildFile; fileRef = 9671E5EB1D7E835D008250C7 /* CoreDataOperation.swift */; };
		9672A1571D9BA14300A64A01 /* Main.storyboard in Resources */ = {isa = PBXBuildFile; fileRef = 9672A1561D9BA14300A64A01 /* Main.storyboard */; };
		9679786F1DA6727C0095EB91 /* TestWebViewController.swift in Sources */ = {isa = PBXBuildFile; fileRef = 9679786E1DA6727C0095EB91 /* TestWebViewController.swift */; };
		967978711DA682BE0095EB91 /* BookProcessViewController.swift in Sources */ = {isa = PBXBuildFile; fileRef = 967978701DA682BE0095EB91 /* BookProcessViewController.swift */; };
		9683A6741D88DEDF00360D98 /* Messages.storyboard in Resources */ = {isa = PBXBuildFile; fileRef = 9683A6731D88DEDF00360D98 /* Messages.storyboard */; };
		9683A6761D88DFAB00360D98 /* SubjectResources.storyboard in Resources */ = {isa = PBXBuildFile; fileRef = 9683A6751D88DFAB00360D98 /* SubjectResources.storyboard */; };
		9683A67B1D88E0EC00360D98 /* UIImageViewDesignableExtension.swift in Sources */ = {isa = PBXBuildFile; fileRef = 9683A67A1D88E0EC00360D98 /* UIImageViewDesignableExtension.swift */; };
		968E0DA21DA4C7B30067DA8D /* LastCollectionViewCell.swift in Sources */ = {isa = PBXBuildFile; fileRef = 968E0DA11DA4C7B30067DA8D /* LastCollectionViewCell.swift */; };
		96A173981DA0D1F30002F360 /* AboutAIL.storyboard in Resources */ = {isa = PBXBuildFile; fileRef = 96A173971DA0D1F30002F360 /* AboutAIL.storyboard */; };
		96A1739A1DA0D29E0002F360 /* Archive.storyboard in Resources */ = {isa = PBXBuildFile; fileRef = 96A173991DA0D29E0002F360 /* Archive.storyboard */; };
		96A1739F1DA0D3660002F360 /* ArchiveVCsTableViewController.swift in Sources */ = {isa = PBXBuildFile; fileRef = 96A1739E1DA0D3660002F360 /* ArchiveVCsTableViewController.swift */; };
		96A173A51DA0E0290002F360 /* PostCatagoryRecognizer.swift in Sources */ = {isa = PBXBuildFile; fileRef = 96A173A41DA0E0290002F360 /* PostCatagoryRecognizer.swift */; };
		96A691D31D98F90200D29995 /* BeiKaoGongLue.storyboard in Resources */ = {isa = PBXBuildFile; fileRef = 96A691D21D98F90200D29995 /* BeiKaoGongLue.storyboard */; };
		96A691D61D98FF5500D29995 /* BeiKaoGongLueTableViewController.swift in Sources */ = {isa = PBXBuildFile; fileRef = 96A691D51D98FF5500D29995 /* BeiKaoGongLueTableViewController.swift */; };
		96ADCDA31D925AC600ACBC05 /* CustomizedSearchBar.swift in Sources */ = {isa = PBXBuildFile; fileRef = 96ADCDA21D925AC600ACBC05 /* CustomizedSearchBar.swift */; };
		96E8C7741D9A307100843C89 /* CourseTrainingViewController.swift in Sources */ = {isa = PBXBuildFile; fileRef = 96E8C7731D9A307100843C89 /* CourseTrainingViewController.swift */; };
		96E8C7761D9A311000843C89 /* CustomizedSegmentedControl.swift in Sources */ = {isa = PBXBuildFile; fileRef = 96E8C7751D9A311000843C89 /* CustomizedSegmentedControl.swift */; };
		96F188161DA3571300987E98 /* AboutAILViewController.swift in Sources */ = {isa = PBXBuildFile; fileRef = 96F188151DA3571300987E98 /* AboutAILViewController.swift */; };
		C30419239AD44AC2671F7F63 /* Pods_AIL.framework in Frameworks */ = {isa = PBXBuildFile; fileRef = AE2662452685324A770F0164 /* Pods_AIL.framework */; };
/* End PBXBuildFile section */

/* Begin PBXFileReference section */
		3D2175F71D88DB9A002F0EEF /* MainButtonsContainer.swift */ = {isa = PBXFileReference; fileEncoding = 4; lastKnownFileType = sourcecode.swift; name = MainButtonsContainer.swift; path = AIL/MainButtonsContainer.swift; sourceTree = "<group>"; };
		3D2175F91D8923D1002F0EEF /* HomeMainButton.swift */ = {isa = PBXFileReference; fileEncoding = 4; lastKnownFileType = sourcecode.swift; name = HomeMainButton.swift; path = AIL/HomeMainButton.swift; sourceTree = "<group>"; };
		3DE209311D8FA015001BCEA4 /* ContactUsVC.swift */ = {isa = PBXFileReference; fileEncoding = 4; lastKnownFileType = sourcecode.swift; name = ContactUsVC.swift; path = AIL/ContactUsVC.swift; sourceTree = "<group>"; };
		3DE209331D8FA03C001BCEA4 /* EmailEjecter.swift */ = {isa = PBXFileReference; fileEncoding = 4; lastKnownFileType = sourcecode.swift; name = EmailEjecter.swift; path = AIL/EmailEjecter.swift; sourceTree = "<group>"; };
		4D333F8D1DA3B87600D557C2 /* MessageVC.swift */ = {isa = PBXFileReference; fileEncoding = 4; lastKnownFileType = sourcecode.swift; path = MessageVC.swift; sourceTree = "<group>"; };
		4D333F8F1DA3C67800D557C2 /* Alert.swift */ = {isa = PBXFileReference; fileEncoding = 4; lastKnownFileType = sourcecode.swift; path = Alert.swift; sourceTree = "<group>"; };
		4D333F911DA3C6C300D557C2 /* Constants.swift */ = {isa = PBXFileReference; fileEncoding = 4; lastKnownFileType = sourcecode.swift; path = Constants.swift; sourceTree = "<group>"; };
		4D9C9A6D1D86C41800EA98D0 /* CustomUINavigationItem.swift */ = {isa = PBXFileReference; fileEncoding = 4; lastKnownFileType = sourcecode.swift; name = CustomUINavigationItem.swift; path = AIL/CustomUINavigationItem.swift; sourceTree = "<group>"; };
		4D9C9A6F1D86CA1A00EA98D0 /* CustomUINavigationController.swift */ = {isa = PBXFileReference; fileEncoding = 4; lastKnownFileType = sourcecode.swift; name = CustomUINavigationController.swift; path = AIL/CustomUINavigationController.swift; sourceTree = "<group>"; };
		4D9C9A731D88B2FF00EA98D0 /* UserMessageVC.swift */ = {isa = PBXFileReference; fileEncoding = 4; lastKnownFileType = sourcecode.swift; name = UserMessageVC.swift; path = AIL/UserMessageVC.swift; sourceTree = "<group>"; };
		4D9C9A751D88B3DC00EA98D0 /* UserMessageCell.swift */ = {isa = PBXFileReference; fileEncoding = 4; lastKnownFileType = sourcecode.swift; name = UserMessageCell.swift; path = AIL/UserMessageCell.swift; sourceTree = "<group>"; };
		4DAEAFAA1D7A50EF00842C4F /* PostCollectionViewCell.swift */ = {isa = PBXFileReference; fileEncoding = 4; lastKnownFileType = sourcecode.swift; name = PostCollectionViewCell.swift; path = AIL/PostCollectionViewCell.swift; sourceTree = "<group>"; };
		4DAEAFAC1D7AB7B000842C4F /* MenuVC.swift */ = {isa = PBXFileReference; fileEncoding = 4; lastKnownFileType = sourcecode.swift; name = MenuVC.swift; path = AIL/MenuVC.swift; sourceTree = "<group>"; };
		4DAEAFAF1D7ACC5A00842C4F /* UIViewController.swift */ = {isa = PBXFileReference; fileEncoding = 4; lastKnownFileType = sourcecode.swift; path = UIViewController.swift; sourceTree = "<group>"; };
		4DCA806F1DA3D872000B8841 /* ExamBookingVC.swift */ = {isa = PBXFileReference; fileEncoding = 4; lastKnownFileType = sourcecode.swift; path = ExamBookingVC.swift; sourceTree = "<group>"; };
		4DDD17E31D8F7DCE00294ACC /* PostRetriever.swift */ = {isa = PBXFileReference; fileEncoding = 4; lastKnownFileType = sourcecode.swift; path = PostRetriever.swift; sourceTree = "<group>"; };
		4DDD17E51D90226900294ACC /* ImageOperation.swift */ = {isa = PBXFileReference; fileEncoding = 4; lastKnownFileType = sourcecode.swift; path = ImageOperation.swift; sourceTree = "<group>"; };
		4DDD17E71D90942A00294ACC /* FileDownloader.swift */ = {isa = PBXFileReference; fileEncoding = 4; lastKnownFileType = sourcecode.swift; path = FileDownloader.swift; sourceTree = "<group>"; };
		4DDD17E91D965E3600294ACC /* AllPosts.storyboard */ = {isa = PBXFileReference; fileEncoding = 4; lastKnownFileType = file.storyboard; name = AllPosts.storyboard; path = ../AllPosts.storyboard; sourceTree = "<group>"; };
		4DDD17ED1D97BB9500294ACC /* AllPostsCell.swift */ = {isa = PBXFileReference; fileEncoding = 4; lastKnownFileType = sourcecode.swift; path = AllPostsCell.swift; sourceTree = "<group>"; };
		4DDD17F31D97BDEF00294ACC /* AllPostsVC.swift */ = {isa = PBXFileReference; fileEncoding = 4; lastKnownFileType = sourcecode.swift; path = AllPostsVC.swift; sourceTree = "<group>"; };
		4DDD18011D9ACA0000294ACC /* Message+CoreDataClass.swift */ = {isa = PBXFileReference; fileEncoding = 4; lastKnownFileType = sourcecode.swift; path = "Message+CoreDataClass.swift"; sourceTree = "<group>"; };
		4DDD18021D9ACA0000294ACC /* Message+CoreDataProperties.swift */ = {isa = PBXFileReference; fileEncoding = 4; lastKnownFileType = sourcecode.swift; path = "Message+CoreDataProperties.swift"; sourceTree = "<group>"; };
		7C5E07B5BD151A8502A096B3 /* Pods-AIL.release.xcconfig */ = {isa = PBXFileReference; includeInIndex = 1; lastKnownFileType = text.xcconfig; name = "Pods-AIL.release.xcconfig"; path = "Pods/Target Support Files/Pods-AIL/Pods-AIL.release.xcconfig"; sourceTree = "<group>"; };
		960A6BA91D8126E6000ABE5A /* WordPressSyncManager.swift */ = {isa = PBXFileReference; fileEncoding = 4; lastKnownFileType = sourcecode.swift; path = WordPressSyncManager.swift; sourceTree = "<group>"; };
		962652031D87D5A200CB92BB /* SubjectResourcesTableViewController.swift */ = {isa = PBXFileReference; fileEncoding = 4; lastKnownFileType = sourcecode.swift; path = SubjectResourcesTableViewController.swift; sourceTree = "<group>"; };
		962652051D87D5EF00CB92BB /* SubjectResourcesTableViewCell.swift */ = {isa = PBXFileReference; fileEncoding = 4; lastKnownFileType = sourcecode.swift; path = SubjectResourcesTableViewCell.swift; sourceTree = "<group>"; };
		963061C11D77E1280079B7C5 /* AIL.app */ = {isa = PBXFileReference; explicitFileType = wrapper.application; includeInIndex = 0; path = AIL.app; sourceTree = BUILT_PRODUCTS_DIR; };
		963061C41D77E1280079B7C5 /* AppDelegate.swift */ = {isa = PBXFileReference; lastKnownFileType = sourcecode.swift; path = AppDelegate.swift; sourceTree = "<group>"; };
		963061C61D77E1280079B7C5 /* ViewController.swift */ = {isa = PBXFileReference; lastKnownFileType = sourcecode.swift; name = ViewController.swift; path = AIL/ViewController.swift; sourceTree = "<group>"; };
		963061CC1D77E1280079B7C5 /* AIL.xcdatamodel */ = {isa = PBXFileReference; lastKnownFileType = wrapper.xcdatamodel; path = AIL.xcdatamodel; sourceTree = "<group>"; };
		963061CE1D77E1280079B7C5 /* Assets.xcassets */ = {isa = PBXFileReference; lastKnownFileType = folder.assetcatalog; path = Assets.xcassets; sourceTree = "<group>"; };
		963061D11D77E1280079B7C5 /* Base */ = {isa = PBXFileReference; lastKnownFileType = file.storyboard; name = Base; path = Base.lproj/LaunchScreen.storyboard; sourceTree = "<group>"; };
		963061D31D77E1280079B7C5 /* Info.plist */ = {isa = PBXFileReference; lastKnownFileType = text.plist.xml; path = Info.plist; sourceTree = "<group>"; };
		963574921D90C3F800B8D1A5 /* Category+CoreDataClass.swift */ = {isa = PBXFileReference; fileEncoding = 4; lastKnownFileType = sourcecode.swift; path = "Category+CoreDataClass.swift"; sourceTree = "<group>"; };
		963574931D90C3F800B8D1A5 /* Category+CoreDataProperties.swift */ = {isa = PBXFileReference; fileEncoding = 4; lastKnownFileType = sourcecode.swift; path = "Category+CoreDataProperties.swift"; sourceTree = "<group>"; };
		963574971D90E15D00B8D1A5 /* ImageDownloader.swift */ = {isa = PBXFileReference; fileEncoding = 4; lastKnownFileType = sourcecode.swift; path = ImageDownloader.swift; sourceTree = "<group>"; };
		963574991D90EF3300B8D1A5 /* TableViewImageLoadingCoordinator.swift */ = {isa = PBXFileReference; fileEncoding = 4; lastKnownFileType = sourcecode.swift; path = TableViewImageLoadingCoordinator.swift; sourceTree = "<group>"; };
		964096821DA221FC006D63B8 /* ArchiveWebViewController.swift */ = {isa = PBXFileReference; fileEncoding = 4; lastKnownFileType = sourcecode.swift; path = ArchiveWebViewController.swift; sourceTree = "<group>"; };
		964C52B41D7FC563006E1E9D /* DateFormatter.swift */ = {isa = PBXFileReference; fileEncoding = 4; lastKnownFileType = sourcecode.swift; path = DateFormatter.swift; sourceTree = "<group>"; };
		965216B21D94B29F00EA1823 /* HomeViewBottomButton.swift */ = {isa = PBXFileReference; fileEncoding = 4; lastKnownFileType = sourcecode.swift; path = HomeViewBottomButton.swift; sourceTree = "<group>"; };
		9656933E1D9392B300FAC04B /* Post+CoreDataClass.swift */ = {isa = PBXFileReference; fileEncoding = 4; lastKnownFileType = sourcecode.swift; path = "Post+CoreDataClass.swift"; sourceTree = "<group>"; };
		9656933F1D9392B300FAC04B /* Post+CoreDataProperties.swift */ = {isa = PBXFileReference; fileEncoding = 4; lastKnownFileType = sourcecode.swift; path = "Post+CoreDataProperties.swift"; sourceTree = "<group>"; };
		965693421D939BA800FAC04B /* ResourceWebViewController.swift */ = {isa = PBXFileReference; fileEncoding = 4; lastKnownFileType = sourcecode.swift; path = ResourceWebViewController.swift; sourceTree = "<group>"; };
		9656DF1F1DA372B500DAFC7C /* UIColorExtension.swift */ = {isa = PBXFileReference; fileEncoding = 4; lastKnownFileType = sourcecode.swift; path = UIColorExtension.swift; sourceTree = "<group>"; };
		966D81FB1DA1D8AF0069270A /* UIViewController+ActionSheet.swift */ = {isa = PBXFileReference; fileEncoding = 4; lastKnownFileType = sourcecode.swift; path = "UIViewController+ActionSheet.swift"; sourceTree = "<group>"; };
		966D81FD1DA208440069270A /* Archive+CoreDataClass.swift */ = {isa = PBXFileReference; fileEncoding = 4; lastKnownFileType = sourcecode.swift; path = "Archive+CoreDataClass.swift"; sourceTree = "<group>"; };
		966D81FE1DA208440069270A /* Archive+CoreDataProperties.swift */ = {isa = PBXFileReference; fileEncoding = 4; lastKnownFileType = sourcecode.swift; path = "Archive+CoreDataProperties.swift"; sourceTree = "<group>"; };
		9671E5DC1D7E4FCF008250C7 /* WordPressClient.swift */ = {isa = PBXFileReference; fileEncoding = 4; lastKnownFileType = sourcecode.swift; path = WordPressClient.swift; sourceTree = "<group>"; };
		9671E5DE1D7E52AE008250C7 /* UrlConstants.swift */ = {isa = PBXFileReference; fileEncoding = 4; lastKnownFileType = sourcecode.swift; path = UrlConstants.swift; sourceTree = "<group>"; };
		9671E5E01D7E6EAC008250C7 /* JSONParser.swift */ = {isa = PBXFileReference; fileEncoding = 4; lastKnownFileType = sourcecode.swift; path = JSONParser.swift; sourceTree = "<group>"; };
		9671E5EB1D7E835D008250C7 /* CoreDataOperation.swift */ = {isa = PBXFileReference; fileEncoding = 4; lastKnownFileType = sourcecode.swift; path = CoreDataOperation.swift; sourceTree = "<group>"; };
		9672A1561D9BA14300A64A01 /* Main.storyboard */ = {isa = PBXFileReference; fileEncoding = 4; lastKnownFileType = file.storyboard; path = Main.storyboard; sourceTree = "<group>"; };
		9679786E1DA6727C0095EB91 /* TestWebViewController.swift */ = {isa = PBXFileReference; fileEncoding = 4; lastKnownFileType = sourcecode.swift; path = TestWebViewController.swift; sourceTree = "<group>"; };
		967978701DA682BE0095EB91 /* BookProcessViewController.swift */ = {isa = PBXFileReference; fileEncoding = 4; lastKnownFileType = sourcecode.swift; path = BookProcessViewController.swift; sourceTree = "<group>"; };
		9683A6731D88DEDF00360D98 /* Messages.storyboard */ = {isa = PBXFileReference; fileEncoding = 4; lastKnownFileType = file.storyboard; path = Messages.storyboard; sourceTree = "<group>"; };
		9683A6751D88DFAB00360D98 /* SubjectResources.storyboard */ = {isa = PBXFileReference; fileEncoding = 4; lastKnownFileType = file.storyboard; path = SubjectResources.storyboard; sourceTree = "<group>"; };
		9683A67A1D88E0EC00360D98 /* UIImageViewDesignableExtension.swift */ = {isa = PBXFileReference; fileEncoding = 4; lastKnownFileType = sourcecode.swift; path = UIImageViewDesignableExtension.swift; sourceTree = "<group>"; };
		968E0DA11DA4C7B30067DA8D /* LastCollectionViewCell.swift */ = {isa = PBXFileReference; fileEncoding = 4; lastKnownFileType = sourcecode.swift; path = LastCollectionViewCell.swift; sourceTree = "<group>"; };
		96A173971DA0D1F30002F360 /* AboutAIL.storyboard */ = {isa = PBXFileReference; fileEncoding = 4; lastKnownFileType = file.storyboard; path = AboutAIL.storyboard; sourceTree = "<group>"; };
		96A173991DA0D29E0002F360 /* Archive.storyboard */ = {isa = PBXFileReference; fileEncoding = 4; lastKnownFileType = file.storyboard; path = Archive.storyboard; sourceTree = "<group>"; };
		96A1739E1DA0D3660002F360 /* ArchiveVCsTableViewController.swift */ = {isa = PBXFileReference; fileEncoding = 4; lastKnownFileType = sourcecode.swift; path = ArchiveVCsTableViewController.swift; sourceTree = "<group>"; };
		96A173A41DA0E0290002F360 /* PostCatagoryRecognizer.swift */ = {isa = PBXFileReference; fileEncoding = 4; lastKnownFileType = sourcecode.swift; path = PostCatagoryRecognizer.swift; sourceTree = "<group>"; };
		96A691D21D98F90200D29995 /* BeiKaoGongLue.storyboard */ = {isa = PBXFileReference; fileEncoding = 4; lastKnownFileType = file.storyboard; path = BeiKaoGongLue.storyboard; sourceTree = "<group>"; };
		96A691D51D98FF5500D29995 /* BeiKaoGongLueTableViewController.swift */ = {isa = PBXFileReference; fileEncoding = 4; lastKnownFileType = sourcecode.swift; path = BeiKaoGongLueTableViewController.swift; sourceTree = "<group>"; };
		96ADCDA21D925AC600ACBC05 /* CustomizedSearchBar.swift */ = {isa = PBXFileReference; fileEncoding = 4; lastKnownFileType = sourcecode.swift; path = CustomizedSearchBar.swift; sourceTree = "<group>"; };
		96E8C7731D9A307100843C89 /* CourseTrainingViewController.swift */ = {isa = PBXFileReference; fileEncoding = 4; lastKnownFileType = sourcecode.swift; path = CourseTrainingViewController.swift; sourceTree = "<group>"; };
		96E8C7751D9A311000843C89 /* CustomizedSegmentedControl.swift */ = {isa = PBXFileReference; fileEncoding = 4; lastKnownFileType = sourcecode.swift; path = CustomizedSegmentedControl.swift; sourceTree = "<group>"; };
		96F188151DA3571300987E98 /* AboutAILViewController.swift */ = {isa = PBXFileReference; fileEncoding = 4; lastKnownFileType = sourcecode.swift; path = AboutAILViewController.swift; sourceTree = "<group>"; };
		A0DBD4F8AC5ABAE1E99C6BB1 /* Pods-AIL.debug.xcconfig */ = {isa = PBXFileReference; includeInIndex = 1; lastKnownFileType = text.xcconfig; name = "Pods-AIL.debug.xcconfig"; path = "Pods/Target Support Files/Pods-AIL/Pods-AIL.debug.xcconfig"; sourceTree = "<group>"; };
		AE2662452685324A770F0164 /* Pods_AIL.framework */ = {isa = PBXFileReference; explicitFileType = wrapper.framework; includeInIndex = 0; path = Pods_AIL.framework; sourceTree = BUILT_PRODUCTS_DIR; };
/* End PBXFileReference section */

/* Begin PBXFrameworksBuildPhase section */
		963061BE1D77E1270079B7C5 /* Frameworks */ = {
			isa = PBXFrameworksBuildPhase;
			buildActionMask = 2147483647;
			files = (
				C30419239AD44AC2671F7F63 /* Pods_AIL.framework in Frameworks */,
			);
			runOnlyForDeploymentPostprocessing = 0;
		};
/* End PBXFrameworksBuildPhase section */

/* Begin PBXGroup section */
		4DAEAFA71D7A486700842C4F /* Controller */ = {
			isa = PBXGroup;
			children = (
				967978721DA6D3130095EB91 /* CourseTraining */,
				4DCA806E1DA3D850000B8841 /* ExamBooking */,
				966D81FA1DA1D8880069270A /* Entension */,
				96A1739B1DA0D3210002F360 /* ArchiveVCs */,
				4DDD18061D9AD00400294ACC /* UserMessage */,
				96A691D41D98FF2C00D29995 /* BeiKaoGongLue */,
				4DDD17EC1D9771E700294ACC /* AllPosts */,
				9683A6771D88E05C00360D98 /* SubjectResources */,
				9671E5DB1D7E4B7D008250C7 /* SlideMenuController */,
				963061C61D77E1280079B7C5 /* ViewController.swift */,
				4DAEAFAC1D7AB7B000842C4F /* MenuVC.swift */,
				3DE209311D8FA015001BCEA4 /* ContactUsVC.swift */,
				96E8C7731D9A307100843C89 /* CourseTrainingViewController.swift */,
				9679786E1DA6727C0095EB91 /* TestWebViewController.swift */,
				967978701DA682BE0095EB91 /* BookProcessViewController.swift */,
			);
			name = Controller;
			sourceTree = "<group>";
		};
		4DAEAFA81D7A486F00842C4F /* View */ = {
			isa = PBXGroup;
			children = (
				96F188141DA356F900987E98 /* AboutAIL */,
				4DDD18051D9ACBD800294ACC /* UserMessage */,
				4DDD17EB1D9771DB00294ACC /* AllPosts */,
				967CF92C1D922F13007CF78C /* CustomizedView */,
				9683A6791D88E0B800360D98 /* DesignableExtension */,
				9683A6781D88E08D00360D98 /* SubjectResources */,
				4DAEAFAA1D7A50EF00842C4F /* PostCollectionViewCell.swift */,
				4D9C9A6D1D86C41800EA98D0 /* CustomUINavigationItem.swift */,
				4D9C9A6F1D86CA1A00EA98D0 /* CustomUINavigationController.swift */,
				3D2175F71D88DB9A002F0EEF /* MainButtonsContainer.swift */,
				3D2175F91D8923D1002F0EEF /* HomeMainButton.swift */,
				965216B21D94B29F00EA1823 /* HomeViewBottomButton.swift */,
				96E8C7751D9A311000843C89 /* CustomizedSegmentedControl.swift */,
				968E0DA11DA4C7B30067DA8D /* LastCollectionViewCell.swift */,
			);
			name = View;
			sourceTree = "<group>";
		};
		4DAEAFA91D7A488000842C4F /* Model */ = {
			isa = PBXGroup;
			children = (
				9671E5EA1D7E8095008250C7 /* ManagedObject */,
			);
			name = Model;
			sourceTree = "<group>";
		};
		4DAEAFAE1D7ACC2F00842C4F /* Extension */ = {
			isa = PBXGroup;
			children = (
			);
			name = Extension;
			sourceTree = "<group>";
		};
		4DCA806E1DA3D850000B8841 /* ExamBooking */ = {
			isa = PBXGroup;
			children = (
				4DCA806F1DA3D872000B8841 /* ExamBookingVC.swift */,
			);
			name = ExamBooking;
			sourceTree = "<group>";
		};
		4DDD17EB1D9771DB00294ACC /* AllPosts */ = {
			isa = PBXGroup;
			children = (
				4DDD17ED1D97BB9500294ACC /* AllPostsCell.swift */,
			);
			name = AllPosts;
			sourceTree = "<group>";
		};
		4DDD17EC1D9771E700294ACC /* AllPosts */ = {
			isa = PBXGroup;
			children = (
				4DDD17F31D97BDEF00294ACC /* AllPostsVC.swift */,
			);
			name = AllPosts;
			sourceTree = "<group>";
		};
		4DDD18051D9ACBD800294ACC /* UserMessage */ = {
			isa = PBXGroup;
			children = (
				4D9C9A751D88B3DC00EA98D0 /* UserMessageCell.swift */,
			);
			name = UserMessage;
			sourceTree = "<group>";
		};
		4DDD18061D9AD00400294ACC /* UserMessage */ = {
			isa = PBXGroup;
			children = (
				4D9C9A731D88B2FF00EA98D0 /* UserMessageVC.swift */,
				4D333F8D1DA3B87600D557C2 /* MessageVC.swift */,
			);
			name = UserMessage;
			sourceTree = "<group>";
		};
		69EFDD5AB6EBC4F4E4D8ED54 /* Frameworks */ = {
			isa = PBXGroup;
			children = (
				AE2662452685324A770F0164 /* Pods_AIL.framework */,
			);
			name = Frameworks;
			sourceTree = "<group>";
		};
		70B05ED6CEF8437B8D6BFB16 /* Pods */ = {
			isa = PBXGroup;
			children = (
				A0DBD4F8AC5ABAE1E99C6BB1 /* Pods-AIL.debug.xcconfig */,
				7C5E07B5BD151A8502A096B3 /* Pods-AIL.release.xcconfig */,
			);
			name = Pods;
			sourceTree = "<group>";
		};
		963061B81D77E1270079B7C5 = {
			isa = PBXGroup;
			children = (
				963574961D90E12600B8D1A5 /* TableCellImageAsycLoading */,
				4DAEAFAE1D7ACC2F00842C4F /* Extension */,
				4DAEAFA91D7A488000842C4F /* Model */,
				4DAEAFA81D7A486F00842C4F /* View */,
				4DAEAFA71D7A486700842C4F /* Controller */,
				968DD6D41D793AD8003B5DA4 /* Networking */,
				968DD6D31D793AC7003B5DA4 /* Uitility */,
				963061C21D77E1280079B7C5 /* Products */,
				70B05ED6CEF8437B8D6BFB16 /* Pods */,
				963061C31D77E1280079B7C5 /* AIL */,
				69EFDD5AB6EBC4F4E4D8ED54 /* Frameworks */,
			);
			sourceTree = "<group>";
		};
		963061C21D77E1280079B7C5 /* Products */ = {
			isa = PBXGroup;
			children = (
				963061C11D77E1280079B7C5 /* AIL.app */,
			);
			name = Products;
			sourceTree = "<group>";
		};
		963061C31D77E1280079B7C5 /* AIL */ = {
			isa = PBXGroup;
			children = (
				963061C41D77E1280079B7C5 /* AppDelegate.swift */,
				963061CE1D77E1280079B7C5 /* Assets.xcassets */,
				4DDD17E91D965E3600294ACC /* AllPosts.storyboard */,
				9672A1561D9BA14300A64A01 /* Main.storyboard */,
				963061D01D77E1280079B7C5 /* LaunchScreen.storyboard */,
				963061D31D77E1280079B7C5 /* Info.plist */,
				963061CB1D77E1280079B7C5 /* AIL.xcdatamodeld */,
				9683A6731D88DEDF00360D98 /* Messages.storyboard */,
				9683A6751D88DFAB00360D98 /* SubjectResources.storyboard */,
				96A691D21D98F90200D29995 /* BeiKaoGongLue.storyboard */,
				96A173971DA0D1F30002F360 /* AboutAIL.storyboard */,
				96A173991DA0D29E0002F360 /* Archive.storyboard */,
			);
			path = AIL;
			sourceTree = "<group>";
		};
		963574961D90E12600B8D1A5 /* TableCellImageAsycLoading */ = {
			isa = PBXGroup;
			children = (
				963574971D90E15D00B8D1A5 /* ImageDownloader.swift */,
				963574991D90EF3300B8D1A5 /* TableViewImageLoadingCoordinator.swift */,
			);
			name = TableCellImageAsycLoading;
			sourceTree = "<group>";
		};
		966D81FA1DA1D8880069270A /* Entension */ = {
			isa = PBXGroup;
			children = (
				966D81FB1DA1D8AF0069270A /* UIViewController+ActionSheet.swift */,
				9656DF1F1DA372B500DAFC7C /* UIColorExtension.swift */,
			);
			name = Entension;
			sourceTree = "<group>";
		};
		9671E5DB1D7E4B7D008250C7 /* SlideMenuController */ = {
			isa = PBXGroup;
			children = (
				4DAEAFAF1D7ACC5A00842C4F /* UIViewController.swift */,
			);
			name = SlideMenuController;
			sourceTree = "<group>";
		};
		9671E5EA1D7E8095008250C7 /* ManagedObject */ = {
			isa = PBXGroup;
			children = (
				966D81FD1DA208440069270A /* Archive+CoreDataClass.swift */,
				966D81FE1DA208440069270A /* Archive+CoreDataProperties.swift */,
				4DDD18011D9ACA0000294ACC /* Message+CoreDataClass.swift */,
				4DDD18021D9ACA0000294ACC /* Message+CoreDataProperties.swift */,
				9656933E1D9392B300FAC04B /* Post+CoreDataClass.swift */,
				9656933F1D9392B300FAC04B /* Post+CoreDataProperties.swift */,
				963574921D90C3F800B8D1A5 /* Category+CoreDataClass.swift */,
				963574931D90C3F800B8D1A5 /* Category+CoreDataProperties.swift */,
			);
			name = ManagedObject;
			sourceTree = "<group>";
		};
		967978721DA6D3130095EB91 /* CourseTraining */ = {
			isa = PBXGroup;
			children = (
			);
			name = CourseTraining;
			sourceTree = "<group>";
		};
		967CF92C1D922F13007CF78C /* CustomizedView */ = {
			isa = PBXGroup;
			children = (
				96ADCDA21D925AC600ACBC05 /* CustomizedSearchBar.swift */,
			);
			name = CustomizedView;
			sourceTree = "<group>";
		};
		9683A6771D88E05C00360D98 /* SubjectResources */ = {
			isa = PBXGroup;
			children = (
				962652031D87D5A200CB92BB /* SubjectResourcesTableViewController.swift */,
				965693421D939BA800FAC04B /* ResourceWebViewController.swift */,
			);
			name = SubjectResources;
			sourceTree = "<group>";
		};
		9683A6781D88E08D00360D98 /* SubjectResources */ = {
			isa = PBXGroup;
			children = (
				962652051D87D5EF00CB92BB /* SubjectResourcesTableViewCell.swift */,
			);
			name = SubjectResources;
			sourceTree = "<group>";
		};
		9683A6791D88E0B800360D98 /* DesignableExtension */ = {
			isa = PBXGroup;
			children = (
				9683A67A1D88E0EC00360D98 /* UIImageViewDesignableExtension.swift */,
			);
			name = DesignableExtension;
			sourceTree = "<group>";
		};
		968DD6D31D793AC7003B5DA4 /* Uitility */ = {
			isa = PBXGroup;
			children = (
				4D333F8F1DA3C67800D557C2 /* Alert.swift */,
				96A173A41DA0E0290002F360 /* PostCatagoryRecognizer.swift */,
				4DDD17E71D90942A00294ACC /* FileDownloader.swift */,
				4DDD17E51D90226900294ACC /* ImageOperation.swift */,
				964C52B41D7FC563006E1E9D /* DateFormatter.swift */,
				9671E5EB1D7E835D008250C7 /* CoreDataOperation.swift */,
				4DDD17E31D8F7DCE00294ACC /* PostRetriever.swift */,
			);
			name = Uitility;
			sourceTree = "<group>";
		};
		968DD6D41D793AD8003B5DA4 /* Networking */ = {
			isa = PBXGroup;
			children = (
				9671E5DC1D7E4FCF008250C7 /* WordPressClient.swift */,
				9671E5E01D7E6EAC008250C7 /* JSONParser.swift */,
				9671E5DE1D7E52AE008250C7 /* UrlConstants.swift */,
				4D333F911DA3C6C300D557C2 /* Constants.swift */,
				960A6BA91D8126E6000ABE5A /* WordPressSyncManager.swift */,
				3DE209331D8FA03C001BCEA4 /* EmailEjecter.swift */,
			);
			name = Networking;
			sourceTree = "<group>";
		};
		96A1739B1DA0D3210002F360 /* ArchiveVCs */ = {
			isa = PBXGroup;
			children = (
				96A1739E1DA0D3660002F360 /* ArchiveVCsTableViewController.swift */,
				964096821DA221FC006D63B8 /* ArchiveWebViewController.swift */,
			);
			name = ArchiveVCs;
			sourceTree = "<group>";
		};
		96A691D41D98FF2C00D29995 /* BeiKaoGongLue */ = {
			isa = PBXGroup;
			children = (
				96A691D51D98FF5500D29995 /* BeiKaoGongLueTableViewController.swift */,
			);
			name = BeiKaoGongLue;
			sourceTree = "<group>";
		};
		96F188141DA356F900987E98 /* AboutAIL */ = {
			isa = PBXGroup;
			children = (
				96F188151DA3571300987E98 /* AboutAILViewController.swift */,
			);
			name = AboutAIL;
			sourceTree = "<group>";
		};
/* End PBXGroup section */

/* Begin PBXNativeTarget section */
		963061C01D77E1270079B7C5 /* AIL */ = {
			isa = PBXNativeTarget;
			buildConfigurationList = 963061D61D77E1280079B7C5 /* Build configuration list for PBXNativeTarget "AIL" */;
			buildPhases = (
				6615F2FF09926148D377B99E /* 📦 Check Pods Manifest.lock */,
				71184C9210B700D4E5A74D7C /* [CP] Check Pods Manifest.lock */,
				963061BD1D77E1270079B7C5 /* Sources */,
				963061BE1D77E1270079B7C5 /* Frameworks */,
				963061BF1D77E1270079B7C5 /* Resources */,
				372BAD23656B6A3FD07CC2FE /* [CP] Embed Pods Frameworks */,
				C54BA3BAEA90F0656782D836 /* [CP] Copy Pods Resources */,
				665269B806FA97C96BA6105E /* 📦 Embed Pods Frameworks */,
				B9B95BDF09578CD752AAD50D /* 📦 Copy Pods Resources */,
			);
			buildRules = (
			);
			dependencies = (
			);
			name = AIL;
			productName = AIL;
			productReference = 963061C11D77E1280079B7C5 /* AIL.app */;
			productType = "com.apple.product-type.application";
		};
/* End PBXNativeTarget section */

/* Begin PBXProject section */
		963061B91D77E1270079B7C5 /* Project object */ = {
			isa = PBXProject;
			attributes = {
				LastSwiftUpdateCheck = 0730;
				LastUpgradeCheck = 0800;
				ORGANIZATIONNAME = au.com.melmel;
				TargetAttributes = {
					963061C01D77E1270079B7C5 = {
						CreatedOnToolsVersion = 7.3.1;
						DevelopmentTeam = SSKL6SFPT2;
						LastSwiftMigration = 0800;
					};
				};
			};
			buildConfigurationList = 963061BC1D77E1270079B7C5 /* Build configuration list for PBXProject "AIL" */;
			compatibilityVersion = "Xcode 3.2";
			developmentRegion = English;
			hasScannedForEncodings = 0;
			knownRegions = (
				en,
				Base,
			);
			mainGroup = 963061B81D77E1270079B7C5;
			productRefGroup = 963061C21D77E1280079B7C5 /* Products */;
			projectDirPath = "";
			projectRoot = "";
			targets = (
				963061C01D77E1270079B7C5 /* AIL */,
			);
		};
/* End PBXProject section */

/* Begin PBXResourcesBuildPhase section */
		963061BF1D77E1270079B7C5 /* Resources */ = {
			isa = PBXResourcesBuildPhase;
			buildActionMask = 2147483647;
			files = (
				96A1739A1DA0D29E0002F360 /* Archive.storyboard in Resources */,
				9672A1571D9BA14300A64A01 /* Main.storyboard in Resources */,
				963061D21D77E1280079B7C5 /* LaunchScreen.storyboard in Resources */,
				9683A6761D88DFAB00360D98 /* SubjectResources.storyboard in Resources */,
				96A173981DA0D1F30002F360 /* AboutAIL.storyboard in Resources */,
				963061CF1D77E1280079B7C5 /* Assets.xcassets in Resources */,
				4DDD17EA1D965E3600294ACC /* AllPosts.storyboard in Resources */,
				96A691D31D98F90200D29995 /* BeiKaoGongLue.storyboard in Resources */,
				9683A6741D88DEDF00360D98 /* Messages.storyboard in Resources */,
			);
			runOnlyForDeploymentPostprocessing = 0;
		};
/* End PBXResourcesBuildPhase section */

/* Begin PBXShellScriptBuildPhase section */
		372BAD23656B6A3FD07CC2FE /* [CP] Embed Pods Frameworks */ = {
			isa = PBXShellScriptBuildPhase;
			buildActionMask = 2147483647;
			files = (
			);
			inputPaths = (
			);
			name = "[CP] Embed Pods Frameworks";
			outputPaths = (
			);
			runOnlyForDeploymentPostprocessing = 0;
			shellPath = /bin/sh;
			shellScript = "\"${SRCROOT}/Pods/Target Support Files/Pods-AIL/Pods-AIL-frameworks.sh\"\n";
			showEnvVarsInLog = 0;
		};
		6615F2FF09926148D377B99E /* 📦 Check Pods Manifest.lock */ = {
			isa = PBXShellScriptBuildPhase;
			buildActionMask = 2147483647;
			files = (
			);
			inputPaths = (
			);
			name = "📦 Check Pods Manifest.lock";
			outputPaths = (
			);
			runOnlyForDeploymentPostprocessing = 0;
			shellPath = /bin/sh;
			shellScript = "diff \"${PODS_ROOT}/../Podfile.lock\" \"${PODS_ROOT}/Manifest.lock\" > /dev/null\nif [[ $? != 0 ]] ; then\n    cat << EOM\nerror: The sandbox is not in sync with the Podfile.lock. Run 'pod install' or update your CocoaPods installation.\nEOM\n    exit 1\nfi\n";
			showEnvVarsInLog = 0;
		};
		665269B806FA97C96BA6105E /* 📦 Embed Pods Frameworks */ = {
			isa = PBXShellScriptBuildPhase;
			buildActionMask = 2147483647;
			files = (
			);
			inputPaths = (
			);
			name = "📦 Embed Pods Frameworks";
			outputPaths = (
			);
			runOnlyForDeploymentPostprocessing = 0;
			shellPath = /bin/sh;
			shellScript = "\"${SRCROOT}/Pods/Target Support Files/Pods-AIL/Pods-AIL-frameworks.sh\"\n";
			showEnvVarsInLog = 0;
		};
		71184C9210B700D4E5A74D7C /* [CP] Check Pods Manifest.lock */ = {
			isa = PBXShellScriptBuildPhase;
			buildActionMask = 2147483647;
			files = (
			);
			inputPaths = (
			);
			name = "[CP] Check Pods Manifest.lock";
			outputPaths = (
			);
			runOnlyForDeploymentPostprocessing = 0;
			shellPath = /bin/sh;
			shellScript = "diff \"${PODS_ROOT}/../Podfile.lock\" \"${PODS_ROOT}/Manifest.lock\" > /dev/null\nif [[ $? != 0 ]] ; then\n    cat << EOM\nerror: The sandbox is not in sync with the Podfile.lock. Run 'pod install' or update your CocoaPods installation.\nEOM\n    exit 1\nfi\n";
			showEnvVarsInLog = 0;
		};
		B9B95BDF09578CD752AAD50D /* 📦 Copy Pods Resources */ = {
			isa = PBXShellScriptBuildPhase;
			buildActionMask = 2147483647;
			files = (
			);
			inputPaths = (
			);
			name = "📦 Copy Pods Resources";
			outputPaths = (
			);
			runOnlyForDeploymentPostprocessing = 0;
			shellPath = /bin/sh;
			shellScript = "\"${SRCROOT}/Pods/Target Support Files/Pods-AIL/Pods-AIL-resources.sh\"\n";
			showEnvVarsInLog = 0;
		};
		C54BA3BAEA90F0656782D836 /* [CP] Copy Pods Resources */ = {
			isa = PBXShellScriptBuildPhase;
			buildActionMask = 2147483647;
			files = (
			);
			inputPaths = (
			);
			name = "[CP] Copy Pods Resources";
			outputPaths = (
			);
			runOnlyForDeploymentPostprocessing = 0;
			shellPath = /bin/sh;
			shellScript = "\"${SRCROOT}/Pods/Target Support Files/Pods-AIL/Pods-AIL-resources.sh\"\n";
			showEnvVarsInLog = 0;
		};
/* End PBXShellScriptBuildPhase section */

/* Begin PBXSourcesBuildPhase section */
		963061BD1D77E1270079B7C5 /* Sources */ = {
			isa = PBXSourcesBuildPhase;
			buildActionMask = 2147483647;
			files = (
				965216B31D94B29F00EA1823 /* HomeViewBottomButton.swift in Sources */,
				3D2175F81D88DB9A002F0EEF /* MainButtonsContainer.swift in Sources */,
				4DAEAFAB1D7A50EF00842C4F /* PostCollectionViewCell.swift in Sources */,
				4D333F901DA3C67800D557C2 /* Alert.swift in Sources */,
				963574981D90E15D00B8D1A5 /* ImageDownloader.swift in Sources */,
				963574951D90C3F800B8D1A5 /* Category+CoreDataProperties.swift in Sources */,
				965693401D9392B300FAC04B /* Post+CoreDataClass.swift in Sources */,
				4D333F921DA3C6C300D557C2 /* Constants.swift in Sources */,
				965693411D9392B300FAC04B /* Post+CoreDataProperties.swift in Sources */,
				9671E5EC1D7E835D008250C7 /* CoreDataOperation.swift in Sources */,
				96E8C7741D9A307100843C89 /* CourseTrainingViewController.swift in Sources */,
				963061C71D77E1280079B7C5 /* ViewController.swift in Sources */,
				966D81FF1DA208440069270A /* Archive+CoreDataClass.swift in Sources */,
				96A691D61D98FF5500D29995 /* BeiKaoGongLueTableViewController.swift in Sources */,
				9671E5E11D7E6EAC008250C7 /* JSONParser.swift in Sources */,
				3DE209341D8FA03C001BCEA4 /* EmailEjecter.swift in Sources */,
				4DDD17E81D90942A00294ACC /* FileDownloader.swift in Sources */,
				96E8C7761D9A311000843C89 /* CustomizedSegmentedControl.swift in Sources */,
				4D333F8E1DA3B87600D557C2 /* MessageVC.swift in Sources */,
				9635749A1D90EF3300B8D1A5 /* TableViewImageLoadingCoordinator.swift in Sources */,
				9656DF201DA372B500DAFC7C /* UIColorExtension.swift in Sources */,
				3D2175FA1D8923D1002F0EEF /* HomeMainButton.swift in Sources */,
				4DDD17E41D8F7DCE00294ACC /* PostRetriever.swift in Sources */,
				966D81FC1DA1D8AF0069270A /* UIViewController+ActionSheet.swift in Sources */,
				4DDD17EE1D97BB9500294ACC /* AllPostsCell.swift in Sources */,
				960A6BAA1D8126E6000ABE5A /* WordPressSyncManager.swift in Sources */,
				962652061D87D5EF00CB92BB /* SubjectResourcesTableViewCell.swift in Sources */,
				4DAEAFB01D7ACC5A00842C4F /* UIViewController.swift in Sources */,
				963574941D90C3F800B8D1A5 /* Category+CoreDataClass.swift in Sources */,
				966D82001DA208440069270A /* Archive+CoreDataProperties.swift in Sources */,
				4DDD18031D9ACA0000294ACC /* Message+CoreDataClass.swift in Sources */,
				4D9C9A6E1D86C41800EA98D0 /* CustomUINavigationItem.swift in Sources */,
				96ADCDA31D925AC600ACBC05 /* CustomizedSearchBar.swift in Sources */,
				967978711DA682BE0095EB91 /* BookProcessViewController.swift in Sources */,
				3DE209321D8FA015001BCEA4 /* ContactUsVC.swift in Sources */,
				963061CD1D77E1280079B7C5 /* AIL.xcdatamodeld in Sources */,
				9679786F1DA6727C0095EB91 /* TestWebViewController.swift in Sources */,
				96A173A51DA0E0290002F360 /* PostCatagoryRecognizer.swift in Sources */,
				964C52B51D7FC563006E1E9D /* DateFormatter.swift in Sources */,
				4DCA80701DA3D872000B8841 /* ExamBookingVC.swift in Sources */,
				963061C51D77E1280079B7C5 /* AppDelegate.swift in Sources */,
				4D9C9A761D88B3DC00EA98D0 /* UserMessageCell.swift in Sources */,
				9671E5DF1D7E52AE008250C7 /* UrlConstants.swift in Sources */,
				9683A67B1D88E0EC00360D98 /* UIImageViewDesignableExtension.swift in Sources */,
				96F188161DA3571300987E98 /* AboutAILViewController.swift in Sources */,
				4D9C9A701D86CA1A00EA98D0 /* CustomUINavigationController.swift in Sources */,
				4D9C9A741D88B2FF00EA98D0 /* UserMessageVC.swift in Sources */,
				968E0DA21DA4C7B30067DA8D /* LastCollectionViewCell.swift in Sources */,
				4DDD17E61D90226900294ACC /* ImageOperation.swift in Sources */,
				964096831DA221FC006D63B8 /* ArchiveWebViewController.swift in Sources */,
				96A1739F1DA0D3660002F360 /* ArchiveVCsTableViewController.swift in Sources */,
				4DAEAFAD1D7AB7B000842C4F /* MenuVC.swift in Sources */,
				4DDD17F41D97BDEF00294ACC /* AllPostsVC.swift in Sources */,
				965693431D939BA800FAC04B /* ResourceWebViewController.swift in Sources */,
				9671E5DD1D7E4FCF008250C7 /* WordPressClient.swift in Sources */,
				4DDD18041D9ACA0000294ACC /* Message+CoreDataProperties.swift in Sources */,
				962652041D87D5A200CB92BB /* SubjectResourcesTableViewController.swift in Sources */,
			);
			runOnlyForDeploymentPostprocessing = 0;
		};
/* End PBXSourcesBuildPhase section */

/* Begin PBXVariantGroup section */
		963061D01D77E1280079B7C5 /* LaunchScreen.storyboard */ = {
			isa = PBXVariantGroup;
			children = (
				963061D11D77E1280079B7C5 /* Base */,
			);
			name = LaunchScreen.storyboard;
			sourceTree = "<group>";
		};
/* End PBXVariantGroup section */

/* Begin XCBuildConfiguration section */
		963061D41D77E1280079B7C5 /* Debug */ = {
			isa = XCBuildConfiguration;
			buildSettings = {
				ALWAYS_SEARCH_USER_PATHS = NO;
				CLANG_ANALYZER_NONNULL = YES;
				CLANG_CXX_LANGUAGE_STANDARD = "gnu++0x";
				CLANG_CXX_LIBRARY = "libc++";
				CLANG_ENABLE_MODULES = YES;
				CLANG_ENABLE_OBJC_ARC = YES;
				CLANG_WARN_BOOL_CONVERSION = YES;
				CLANG_WARN_CONSTANT_CONVERSION = YES;
				CLANG_WARN_DIRECT_OBJC_ISA_USAGE = YES_ERROR;
				CLANG_WARN_EMPTY_BODY = YES;
				CLANG_WARN_ENUM_CONVERSION = YES;
				CLANG_WARN_INFINITE_RECURSION = YES;
				CLANG_WARN_INT_CONVERSION = YES;
				CLANG_WARN_OBJC_ROOT_CLASS = YES_ERROR;
				CLANG_WARN_SUSPICIOUS_MOVE = YES;
				CLANG_WARN_UNREACHABLE_CODE = YES;
				CLANG_WARN__DUPLICATE_METHOD_MATCH = YES;
				"CODE_SIGN_IDENTITY[sdk=iphoneos*]" = "iPhone Developer";
				COPY_PHASE_STRIP = NO;
				DEBUG_INFORMATION_FORMAT = dwarf;
				ENABLE_STRICT_OBJC_MSGSEND = YES;
				ENABLE_TESTABILITY = YES;
				GCC_C_LANGUAGE_STANDARD = gnu99;
				GCC_DYNAMIC_NO_PIC = NO;
				GCC_NO_COMMON_BLOCKS = YES;
				GCC_OPTIMIZATION_LEVEL = 0;
				GCC_PREPROCESSOR_DEFINITIONS = (
					"DEBUG=1",
					"$(inherited)",
				);
				GCC_WARN_64_TO_32_BIT_CONVERSION = YES;
				GCC_WARN_ABOUT_RETURN_TYPE = YES_ERROR;
				GCC_WARN_UNDECLARED_SELECTOR = YES;
				GCC_WARN_UNINITIALIZED_AUTOS = YES_AGGRESSIVE;
				GCC_WARN_UNUSED_FUNCTION = YES;
				GCC_WARN_UNUSED_VARIABLE = YES;
				IPHONEOS_DEPLOYMENT_TARGET = 9.0;
				MTL_ENABLE_DEBUG_INFO = YES;
				ONLY_ACTIVE_ARCH = YES;
				SDKROOT = iphoneos;
				SWIFT_OPTIMIZATION_LEVEL = "-Onone";
				TARGETED_DEVICE_FAMILY = "1,2";
			};
			name = Debug;
		};
		963061D51D77E1280079B7C5 /* Release */ = {
			isa = XCBuildConfiguration;
			buildSettings = {
				ALWAYS_SEARCH_USER_PATHS = NO;
				CLANG_ANALYZER_NONNULL = YES;
				CLANG_CXX_LANGUAGE_STANDARD = "gnu++0x";
				CLANG_CXX_LIBRARY = "libc++";
				CLANG_ENABLE_MODULES = YES;
				CLANG_ENABLE_OBJC_ARC = YES;
				CLANG_WARN_BOOL_CONVERSION = YES;
				CLANG_WARN_CONSTANT_CONVERSION = YES;
				CLANG_WARN_DIRECT_OBJC_ISA_USAGE = YES_ERROR;
				CLANG_WARN_EMPTY_BODY = YES;
				CLANG_WARN_ENUM_CONVERSION = YES;
				CLANG_WARN_INFINITE_RECURSION = YES;
				CLANG_WARN_INT_CONVERSION = YES;
				CLANG_WARN_OBJC_ROOT_CLASS = YES_ERROR;
				CLANG_WARN_SUSPICIOUS_MOVE = YES;
				CLANG_WARN_UNREACHABLE_CODE = YES;
				CLANG_WARN__DUPLICATE_METHOD_MATCH = YES;
				"CODE_SIGN_IDENTITY[sdk=iphoneos*]" = "iPhone Developer";
				COPY_PHASE_STRIP = NO;
				DEBUG_INFORMATION_FORMAT = "dwarf-with-dsym";
				ENABLE_NS_ASSERTIONS = NO;
				ENABLE_STRICT_OBJC_MSGSEND = YES;
				GCC_C_LANGUAGE_STANDARD = gnu99;
				GCC_NO_COMMON_BLOCKS = YES;
				GCC_WARN_64_TO_32_BIT_CONVERSION = YES;
				GCC_WARN_ABOUT_RETURN_TYPE = YES_ERROR;
				GCC_WARN_UNDECLARED_SELECTOR = YES;
				GCC_WARN_UNINITIALIZED_AUTOS = YES_AGGRESSIVE;
				GCC_WARN_UNUSED_FUNCTION = YES;
				GCC_WARN_UNUSED_VARIABLE = YES;
				IPHONEOS_DEPLOYMENT_TARGET = 9.0;
				MTL_ENABLE_DEBUG_INFO = NO;
				SDKROOT = iphoneos;
				SWIFT_OPTIMIZATION_LEVEL = "-Owholemodule";
				TARGETED_DEVICE_FAMILY = "1,2";
				VALIDATE_PRODUCT = YES;
			};
			name = Release;
		};
		963061D71D77E1280079B7C5 /* Debug */ = {
			isa = XCBuildConfiguration;
			baseConfigurationReference = A0DBD4F8AC5ABAE1E99C6BB1 /* Pods-AIL.debug.xcconfig */;
			buildSettings = {
				ALWAYS_EMBED_SWIFT_STANDARD_LIBRARIES = YES;
				ASSETCATALOG_COMPILER_APPICON_NAME = AppIcon;
				DEVELOPMENT_TEAM = SSKL6SFPT2;
				INFOPLIST_FILE = AIL/Info.plist;
				IPHONEOS_DEPLOYMENT_TARGET = 9.0;
				LD_RUNPATH_SEARCH_PATHS = "$(inherited) @executable_path/Frameworks";
				PRODUCT_BUNDLE_IDENTIFIER = au.com.melmel.AIL;
				PRODUCT_NAME = "$(TARGET_NAME)";
				SWIFT_VERSION = 2.3;
				TARGETED_DEVICE_FAMILY = 1;
			};
			name = Debug;
		};
		963061D81D77E1280079B7C5 /* Release */ = {
			isa = XCBuildConfiguration;
			baseConfigurationReference = 7C5E07B5BD151A8502A096B3 /* Pods-AIL.release.xcconfig */;
			buildSettings = {
				ALWAYS_EMBED_SWIFT_STANDARD_LIBRARIES = YES;
				ASSETCATALOG_COMPILER_APPICON_NAME = AppIcon;
				DEVELOPMENT_TEAM = SSKL6SFPT2;
				INFOPLIST_FILE = AIL/Info.plist;
				IPHONEOS_DEPLOYMENT_TARGET = 9.0;
				LD_RUNPATH_SEARCH_PATHS = "$(inherited) @executable_path/Frameworks";
				PRODUCT_BUNDLE_IDENTIFIER = au.com.melmel.AIL;
				PRODUCT_NAME = "$(TARGET_NAME)";
				SWIFT_VERSION = 2.3;
				TARGETED_DEVICE_FAMILY = 1;
			};
			name = Release;
		};
/* End XCBuildConfiguration section */

/* Begin XCConfigurationList section */
		963061BC1D77E1270079B7C5 /* Build configuration list for PBXProject "AIL" */ = {
			isa = XCConfigurationList;
			buildConfigurations = (
				963061D41D77E1280079B7C5 /* Debug */,
				963061D51D77E1280079B7C5 /* Release */,
			);
			defaultConfigurationIsVisible = 0;
			defaultConfigurationName = Release;
		};
		963061D61D77E1280079B7C5 /* Build configuration list for PBXNativeTarget "AIL" */ = {
			isa = XCConfigurationList;
			buildConfigurations = (
				963061D71D77E1280079B7C5 /* Debug */,
				963061D81D77E1280079B7C5 /* Release */,
			);
			defaultConfigurationIsVisible = 0;
			defaultConfigurationName = Release;
		};
/* End XCConfigurationList section */

/* Begin XCVersionGroup section */
		963061CB1D77E1280079B7C5 /* AIL.xcdatamodeld */ = {
			isa = XCVersionGroup;
			children = (
				963061CC1D77E1280079B7C5 /* AIL.xcdatamodel */,
			);
			currentVersion = 963061CC1D77E1280079B7C5 /* AIL.xcdatamodel */;
			path = AIL.xcdatamodeld;
			sourceTree = "<group>";
			versionGroupType = wrapper.xcdatamodel;
		};
/* End XCVersionGroup section */
	};
	rootObject = 963061B91D77E1270079B7C5 /* Project object */;
}
